// !$*UTF8*$!
{
	archiveVersion = 1;
	classes = {
	};
	objectVersion = 48;
	objects = {

/* Begin PBXAggregateTarget section */
		6DF0F1081FFBAB95008CB537 /* UniversalRinety */ = {
			isa = PBXAggregateTarget;
			buildConfigurationList = 6DF0F1091FFBAB95008CB537 /* Build configuration list for PBXAggregateTarget "UniversalRinety" */;
			buildPhases = (
				6DF0F10C1FFBABC0008CB537 /* ShellScript */,
			);
			dependencies = (
			);
			name = UniversalRinety;
			productName = UniversalRinety;
		};
/* End PBXAggregateTarget section */

/* Begin PBXBuildFile section */
		6DF0F0F81FFBAAE1008CB537 /* Rinety.framework in Frameworks */ = {isa = PBXBuildFile; fileRef = 6DF0F0EE1FFBAAE0008CB537 /* Rinety.framework */; };
		6DF0F0FD1FFBAAE1008CB537 /* RinetyTests.swift in Sources */ = {isa = PBXBuildFile; fileRef = 6DF0F0FC1FFBAAE1008CB537 /* RinetyTests.swift */; };
		6DF0F0FF1FFBAAE1008CB537 /* Rinety.h in Headers */ = {isa = PBXBuildFile; fileRef = 6DF0F0F11FFBAAE0008CB537 /* Rinety.h */; settings = {ATTRIBUTES = (Public, ); }; };
		6DF0F1121FFBAD06008CB537 /* RestClient.swift in Sources */ = {isa = PBXBuildFile; fileRef = 6DF0F1111FFBAD06008CB537 /* RestClient.swift */; };
		6DF0F1141FFBF24F008CB537 /* RestRouter.swift in Sources */ = {isa = PBXBuildFile; fileRef = 6DF0F1131FFBF24F008CB537 /* RestRouter.swift */; };
		6DF0F1711FFCF31E008CB537 /* RxSwift.framework in Frameworks */ = {isa = PBXBuildFile; fileRef = 6DF0F1701FFCF31E008CB537 /* RxSwift.framework */; };
/* End PBXBuildFile section */

/* Begin PBXContainerItemProxy section */
		6DF0F0F91FFBAAE1008CB537 /* PBXContainerItemProxy */ = {
			isa = PBXContainerItemProxy;
			containerPortal = 6DF0F0E51FFBAAE0008CB537 /* Project object */;
			proxyType = 1;
			remoteGlobalIDString = 6DF0F0ED1FFBAAE0008CB537;
			remoteInfo = Rinety;
		};
/* End PBXContainerItemProxy section */

/* Begin PBXFileReference section */
		6DF0F0EE1FFBAAE0008CB537 /* Rinety.framework */ = {isa = PBXFileReference; explicitFileType = wrapper.framework; includeInIndex = 0; path = Rinety.framework; sourceTree = BUILT_PRODUCTS_DIR; };
		6DF0F0F11FFBAAE0008CB537 /* Rinety.h */ = {isa = PBXFileReference; lastKnownFileType = sourcecode.c.h; path = Rinety.h; sourceTree = "<group>"; };
		6DF0F0F21FFBAAE0008CB537 /* Info.plist */ = {isa = PBXFileReference; lastKnownFileType = text.plist.xml; path = Info.plist; sourceTree = "<group>"; };
		6DF0F0F71FFBAAE1008CB537 /* RinetyTests.xctest */ = {isa = PBXFileReference; explicitFileType = wrapper.cfbundle; includeInIndex = 0; path = RinetyTests.xctest; sourceTree = BUILT_PRODUCTS_DIR; };
		6DF0F0FC1FFBAAE1008CB537 /* RinetyTests.swift */ = {isa = PBXFileReference; lastKnownFileType = sourcecode.swift; path = RinetyTests.swift; sourceTree = "<group>"; };
		6DF0F0FE1FFBAAE1008CB537 /* Info.plist */ = {isa = PBXFileReference; lastKnownFileType = text.plist.xml; path = Info.plist; sourceTree = "<group>"; };
		6DF0F1111FFBAD06008CB537 /* RestClient.swift */ = {isa = PBXFileReference; lastKnownFileType = sourcecode.swift; path = RestClient.swift; sourceTree = "<group>"; };
		6DF0F1131FFBF24F008CB537 /* RestRouter.swift */ = {isa = PBXFileReference; lastKnownFileType = sourcecode.swift; path = RestRouter.swift; sourceTree = "<group>"; };
		6DF0F1701FFCF31E008CB537 /* RxSwift.framework */ = {isa = PBXFileReference; lastKnownFileType = wrapper.framework; name = RxSwift.framework; path = Carthage/Build/iOS/RxSwift.framework; sourceTree = "<group>"; };
/* End PBXFileReference section */

/* Begin PBXFrameworksBuildPhase section */
		6DF0F0EA1FFBAAE0008CB537 /* Frameworks */ = {
			isa = PBXFrameworksBuildPhase;
			buildActionMask = 2147483647;
			files = (
				6DF0F1711FFCF31E008CB537 /* RxSwift.framework in Frameworks */,
			);
			runOnlyForDeploymentPostprocessing = 0;
		};
		6DF0F0F41FFBAAE1008CB537 /* Frameworks */ = {
			isa = PBXFrameworksBuildPhase;
			buildActionMask = 2147483647;
			files = (
				6DF0F0F81FFBAAE1008CB537 /* Rinety.framework in Frameworks */,
			);
			runOnlyForDeploymentPostprocessing = 0;
		};
/* End PBXFrameworksBuildPhase section */

/* Begin PBXGroup section */
		6DF0F0E41FFBAAE0008CB537 = {
			isa = PBXGroup;
			children = (
				6DF0F0F01FFBAAE0008CB537 /* Rinety */,
				6DF0F0FB1FFBAAE1008CB537 /* RinetyTests */,
				6DF0F0EF1FFBAAE0008CB537 /* Products */,
				6DF0F16D1FFCF17F008CB537 /* Frameworks */,
			);
			sourceTree = "<group>";
		};
		6DF0F0EF1FFBAAE0008CB537 /* Products */ = {
			isa = PBXGroup;
			children = (
				6DF0F0EE1FFBAAE0008CB537 /* Rinety.framework */,
				6DF0F0F71FFBAAE1008CB537 /* RinetyTests.xctest */,
			);
			name = Products;
			sourceTree = "<group>";
		};
		6DF0F0F01FFBAAE0008CB537 /* Rinety */ = {
			isa = PBXGroup;
			children = (
				6DF0F10D1FFBAC85008CB537 /* classes */,
				6DF0F0F11FFBAAE0008CB537 /* Rinety.h */,
				6DF0F0F21FFBAAE0008CB537 /* Info.plist */,
			);
			path = Rinety;
			sourceTree = "<group>";
		};
		6DF0F0FB1FFBAAE1008CB537 /* RinetyTests */ = {
			isa = PBXGroup;
			children = (
				6DF0F0FC1FFBAAE1008CB537 /* RinetyTests.swift */,
				6DF0F0FE1FFBAAE1008CB537 /* Info.plist */,
			);
			path = RinetyTests;
			sourceTree = "<group>";
		};
		6DF0F10D1FFBAC85008CB537 /* classes */ = {
			isa = PBXGroup;
			children = (
				6DF0F1111FFBAD06008CB537 /* RestClient.swift */,
				6DF0F1131FFBF24F008CB537 /* RestRouter.swift */,
			);
			path = classes;
			sourceTree = "<group>";
		};
		6DF0F16D1FFCF17F008CB537 /* Frameworks */ = {
			isa = PBXGroup;
			children = (
				6DF0F1701FFCF31E008CB537 /* RxSwift.framework */,
			);
			name = Frameworks;
			sourceTree = "<group>";
		};
/* End PBXGroup section */

/* Begin PBXHeadersBuildPhase section */
		6DF0F0EB1FFBAAE0008CB537 /* Headers */ = {
			isa = PBXHeadersBuildPhase;
			buildActionMask = 2147483647;
			files = (
				6DF0F0FF1FFBAAE1008CB537 /* Rinety.h in Headers */,
			);
			runOnlyForDeploymentPostprocessing = 0;
		};
/* End PBXHeadersBuildPhase section */

/* Begin PBXNativeTarget section */
		6DF0F0ED1FFBAAE0008CB537 /* Rinety */ = {
			isa = PBXNativeTarget;
			buildConfigurationList = 6DF0F1021FFBAAE1008CB537 /* Build configuration list for PBXNativeTarget "Rinety" */;
			buildPhases = (
				6DF0F0E91FFBAAE0008CB537 /* Sources */,
				6DF0F0EA1FFBAAE0008CB537 /* Frameworks */,
				6DF0F0EB1FFBAAE0008CB537 /* Headers */,
				6DF0F0EC1FFBAAE0008CB537 /* Resources */,
				6DF0F16F1FFCF2A0008CB537 /* ShellScript */,
			);
			buildRules = (
			);
			dependencies = (
			);
			name = Rinety;
			productName = Rinety;
			productReference = 6DF0F0EE1FFBAAE0008CB537 /* Rinety.framework */;
			productType = "com.apple.product-type.framework";
		};
		6DF0F0F61FFBAAE1008CB537 /* RinetyTests */ = {
			isa = PBXNativeTarget;
			buildConfigurationList = 6DF0F1051FFBAAE1008CB537 /* Build configuration list for PBXNativeTarget "RinetyTests" */;
			buildPhases = (
				6DF0F0F31FFBAAE1008CB537 /* Sources */,
				6DF0F0F41FFBAAE1008CB537 /* Frameworks */,
				6DF0F0F51FFBAAE1008CB537 /* Resources */,
			);
			buildRules = (
			);
			dependencies = (
				6DF0F0FA1FFBAAE1008CB537 /* PBXTargetDependency */,
			);
			name = RinetyTests;
			productName = RinetyTests;
			productReference = 6DF0F0F71FFBAAE1008CB537 /* RinetyTests.xctest */;
			productType = "com.apple.product-type.bundle.unit-test";
		};
/* End PBXNativeTarget section */

/* Begin PBXProject section */
		6DF0F0E51FFBAAE0008CB537 /* Project object */ = {
			isa = PBXProject;
			attributes = {
				LastSwiftUpdateCheck = 0920;
				LastUpgradeCheck = 0920;
				ORGANIZATIONNAME = splitpix;
				TargetAttributes = {
					6DF0F0ED1FFBAAE0008CB537 = {
						CreatedOnToolsVersion = 9.2;
						LastSwiftMigration = 0920;
						ProvisioningStyle = Automatic;
					};
					6DF0F0F61FFBAAE1008CB537 = {
						CreatedOnToolsVersion = 9.2;
						ProvisioningStyle = Automatic;
					};
					6DF0F1081FFBAB95008CB537 = {
						CreatedOnToolsVersion = 9.2;
						ProvisioningStyle = Automatic;
					};
				};
			};
			buildConfigurationList = 6DF0F0E81FFBAAE0008CB537 /* Build configuration list for PBXProject "Rinety" */;
			compatibilityVersion = "Xcode 8.0";
			developmentRegion = en;
			hasScannedForEncodings = 0;
			knownRegions = (
				en,
			);
			mainGroup = 6DF0F0E41FFBAAE0008CB537;
			productRefGroup = 6DF0F0EF1FFBAAE0008CB537 /* Products */;
			projectDirPath = "";
			projectRoot = "";
			targets = (
				6DF0F0ED1FFBAAE0008CB537 /* Rinety */,
				6DF0F0F61FFBAAE1008CB537 /* RinetyTests */,
				6DF0F1081FFBAB95008CB537 /* UniversalRinety */,
			);
		};
/* End PBXProject section */

/* Begin PBXResourcesBuildPhase section */
		6DF0F0EC1FFBAAE0008CB537 /* Resources */ = {
			isa = PBXResourcesBuildPhase;
			buildActionMask = 2147483647;
			files = (
			);
			runOnlyForDeploymentPostprocessing = 0;
		};
		6DF0F0F51FFBAAE1008CB537 /* Resources */ = {
			isa = PBXResourcesBuildPhase;
			buildActionMask = 2147483647;
			files = (
			);
			runOnlyForDeploymentPostprocessing = 0;
		};
/* End PBXResourcesBuildPhase section */

/* Begin PBXShellScriptBuildPhase section */
		6DF0F10C1FFBABC0008CB537 /* ShellScript */ = {
			isa = PBXShellScriptBuildPhase;
			buildActionMask = 2147483647;
			files = (
			);
			inputPaths = (
			);
			outputPaths = (
			);
			runOnlyForDeploymentPostprocessing = 0;
			shellPath = /bin/sh;
			shellScript = "UNIVERSAL_OUTPUTFOLDER=${BUILD_DIR}/${CONFIGURATION}-universal\n\n# make sure the output directory exists\nmkdir -p \"${UNIVERSAL_OUTPUTFOLDER}\"\n\n# Step 1. Build Device and Simulator versions\nxcodebuild -target \"${PROJECT_NAME}\" ONLY_ACTIVE_ARCH=NO -configuration ${CONFIGURATION} -sdk iphoneos  BUILD_DIR=\"${BUILD_DIR}\" BUILD_ROOT=\"${BUILD_ROOT}\" clean build\n\nxcodebuild -target \"${PROJECT_NAME}\" -configuration ${CONFIGURATION} -sdk iphonesimulator ONLY_ACTIVE_ARCH=NO BUILD_DIR=\"${BUILD_DIR}\" BUILD_ROOT=\"${BUILD_ROOT}\" clean build\n\n# Step 2. Copy the framework structure (from iphoneos build) to the universal folder\ncp -R \"${BUILD_DIR}/${CONFIGURATION}-iphoneos/${PROJECT_NAME}.framework\" \"${UNIVERSAL_OUTPUTFOLDER}/\"\n\n# Step 3. Copy Swift modules from iphonesimulator build (if it exists) to the copied framework directory\nSIMULATOR_SWIFT_MODULES_DIR=\"${BUILD_DIR}/${CONFIGURATION}-iphonesimulator/${PROJECT_NAME}.framework/Modules/AlamoWater.swiftmodule/.\"\nif [ -d \"${SIMULATOR_SWIFT_MODULES_DIR}\" ]; then\ncp -R \"${SIMULATOR_SWIFT_MODULES_DIR}\" \"${UNIVERSAL_OUTPUTFOLDER}/\"${PROJECT_NAME}\".framework/Modules/${PROJECT_NAME}.swiftmodule\"\nfi\n\n# Step 4. Create universal binary file using lipo and place the combined executable in the copied framework directory\nlipo -create -output \"${UNIVERSAL_OUTPUTFOLDER}/${PROJECT_NAME}.framework/${PROJECT_NAME}\" \"${BUILD_DIR}/${CONFIGURATION}-iphonesimulator/${PROJECT_NAME}.framework/${PROJECT_NAME}\" \"${BUILD_DIR}/${CONFIGURATION}-iphoneos/${PROJECT_NAME}.framework/${PROJECT_NAME}\"\n\n# Step 5. Convenience step to copy the framework to the project's directory\ncp -R \"${UNIVERSAL_OUTPUTFOLDER}/${PROJECT_NAME}.framework\" \"${PROJECT_DIR}\"\n\n# Step 6. Convenience step to open the project's directory in Finder\nopen \"${PROJECT_DIR}\"";
		};
		6DF0F16F1FFCF2A0008CB537 /* ShellScript */ = {
			isa = PBXShellScriptBuildPhase;
			buildActionMask = 2147483647;
			files = (
			);
			inputPaths = (
				"$(SRCROOT)/Carthage/Build/iOS/RxSwift.framework",
			);
			outputPaths = (
				"$(BUILT_PRODUCTS_DIR)/$(FRAMEWORKS_FOLDER_PATH)/RxSwift.framework",
			);
			runOnlyForDeploymentPostprocessing = 0;
			shellPath = /bin/sh;
			shellScript = "/usr/local/bin/carthage copy-frameworks\n";
		};
/* End PBXShellScriptBuildPhase section */

/* Begin PBXSourcesBuildPhase section */
		6DF0F0E91FFBAAE0008CB537 /* Sources */ = {
			isa = PBXSourcesBuildPhase;
			buildActionMask = 2147483647;
			files = (
				6DF0F1141FFBF24F008CB537 /* RestRouter.swift in Sources */,
				6DF0F1121FFBAD06008CB537 /* RestClient.swift in Sources */,
			);
			runOnlyForDeploymentPostprocessing = 0;
		};
		6DF0F0F31FFBAAE1008CB537 /* Sources */ = {
			isa = PBXSourcesBuildPhase;
			buildActionMask = 2147483647;
			files = (
				6DF0F0FD1FFBAAE1008CB537 /* RinetyTests.swift in Sources */,
			);
			runOnlyForDeploymentPostprocessing = 0;
		};
/* End PBXSourcesBuildPhase section */

/* Begin PBXTargetDependency section */
		6DF0F0FA1FFBAAE1008CB537 /* PBXTargetDependency */ = {
			isa = PBXTargetDependency;
			target = 6DF0F0ED1FFBAAE0008CB537 /* Rinety */;
			targetProxy = 6DF0F0F91FFBAAE1008CB537 /* PBXContainerItemProxy */;
		};
/* End PBXTargetDependency section */

/* Begin XCBuildConfiguration section */
		6DF0F1001FFBAAE1008CB537 /* Debug */ = {
			isa = XCBuildConfiguration;
			buildSettings = {
				ALWAYS_SEARCH_USER_PATHS = NO;
				CLANG_ANALYZER_NONNULL = YES;
				CLANG_ANALYZER_NUMBER_OBJECT_CONVERSION = YES_AGGRESSIVE;
				CLANG_CXX_LANGUAGE_STANDARD = "gnu++14";
				CLANG_CXX_LIBRARY = "libc++";
				CLANG_ENABLE_MODULES = YES;
				CLANG_ENABLE_OBJC_ARC = YES;
				CLANG_WARN_BLOCK_CAPTURE_AUTORELEASING = YES;
				CLANG_WARN_BOOL_CONVERSION = YES;
				CLANG_WARN_COMMA = YES;
				CLANG_WARN_CONSTANT_CONVERSION = YES;
				CLANG_WARN_DIRECT_OBJC_ISA_USAGE = YES_ERROR;
				CLANG_WARN_DOCUMENTATION_COMMENTS = YES;
				CLANG_WARN_EMPTY_BODY = YES;
				CLANG_WARN_ENUM_CONVERSION = YES;
				CLANG_WARN_INFINITE_RECURSION = YES;
				CLANG_WARN_INT_CONVERSION = YES;
				CLANG_WARN_NON_LITERAL_NULL_CONVERSION = YES;
				CLANG_WARN_OBJC_LITERAL_CONVERSION = YES;
				CLANG_WARN_OBJC_ROOT_CLASS = YES_ERROR;
				CLANG_WARN_RANGE_LOOP_ANALYSIS = YES;
				CLANG_WARN_STRICT_PROTOTYPES = YES;
				CLANG_WARN_SUSPICIOUS_MOVE = YES;
				CLANG_WARN_UNGUARDED_AVAILABILITY = YES_AGGRESSIVE;
				CLANG_WARN_UNREACHABLE_CODE = YES;
				CLANG_WARN__DUPLICATE_METHOD_MATCH = YES;
				CODE_SIGN_IDENTITY = "iPhone Developer";
				COPY_PHASE_STRIP = NO;
				CURRENT_PROJECT_VERSION = 1;
				DEBUG_INFORMATION_FORMAT = dwarf;
				ENABLE_STRICT_OBJC_MSGSEND = YES;
				ENABLE_TESTABILITY = YES;
				GCC_C_LANGUAGE_STANDARD = gnu11;
				GCC_DYNAMIC_NO_PIC = NO;
				GCC_NO_COMMON_BLOCKS = YES;
				GCC_OPTIMIZATION_LEVEL = 0;
				GCC_PREPROCESSOR_DEFINITIONS = (
					"DEBUG=1",
					"$(inherited)",
				);
				GCC_WARN_64_TO_32_BIT_CONVERSION = YES;
				GCC_WARN_ABOUT_RETURN_TYPE = YES_ERROR;
				GCC_WARN_UNDECLARED_SELECTOR = YES;
				GCC_WARN_UNINITIALIZED_AUTOS = YES_AGGRESSIVE;
				GCC_WARN_UNUSED_FUNCTION = YES;
				GCC_WARN_UNUSED_VARIABLE = YES;
				IPHONEOS_DEPLOYMENT_TARGET = 11.2;
				MTL_ENABLE_DEBUG_INFO = YES;
				ONLY_ACTIVE_ARCH = YES;
				SDKROOT = iphoneos;
				SWIFT_ACTIVE_COMPILATION_CONDITIONS = DEBUG;
				SWIFT_OPTIMIZATION_LEVEL = "-Onone";
				VERSIONING_SYSTEM = "apple-generic";
				VERSION_INFO_PREFIX = "";
			};
			name = Debug;
		};
		6DF0F1011FFBAAE1008CB537 /* Release */ = {
			isa = XCBuildConfiguration;
			buildSettings = {
				ALWAYS_SEARCH_USER_PATHS = NO;
				CLANG_ANALYZER_NONNULL = YES;
				CLANG_ANALYZER_NUMBER_OBJECT_CONVERSION = YES_AGGRESSIVE;
				CLANG_CXX_LANGUAGE_STANDARD = "gnu++14";
				CLANG_CXX_LIBRARY = "libc++";
				CLANG_ENABLE_MODULES = YES;
				CLANG_ENABLE_OBJC_ARC = YES;
				CLANG_WARN_BLOCK_CAPTURE_AUTORELEASING = YES;
				CLANG_WARN_BOOL_CONVERSION = YES;
				CLANG_WARN_COMMA = YES;
				CLANG_WARN_CONSTANT_CONVERSION = YES;
				CLANG_WARN_DIRECT_OBJC_ISA_USAGE = YES_ERROR;
				CLANG_WARN_DOCUMENTATION_COMMENTS = YES;
				CLANG_WARN_EMPTY_BODY = YES;
				CLANG_WARN_ENUM_CONVERSION = YES;
				CLANG_WARN_INFINITE_RECURSION = YES;
				CLANG_WARN_INT_CONVERSION = YES;
				CLANG_WARN_NON_LITERAL_NULL_CONVERSION = YES;
				CLANG_WARN_OBJC_LITERAL_CONVERSION = YES;
				CLANG_WARN_OBJC_ROOT_CLASS = YES_ERROR;
				CLANG_WARN_RANGE_LOOP_ANALYSIS = YES;
				CLANG_WARN_STRICT_PROTOTYPES = YES;
				CLANG_WARN_SUSPICIOUS_MOVE = YES;
				CLANG_WARN_UNGUARDED_AVAILABILITY = YES_AGGRESSIVE;
				CLANG_WARN_UNREACHABLE_CODE = YES;
				CLANG_WARN__DUPLICATE_METHOD_MATCH = YES;
				CODE_SIGN_IDENTITY = "iPhone Developer";
				COPY_PHASE_STRIP = NO;
				CURRENT_PROJECT_VERSION = 1;
				DEBUG_INFORMATION_FORMAT = "dwarf-with-dsym";
				ENABLE_NS_ASSERTIONS = NO;
				ENABLE_STRICT_OBJC_MSGSEND = YES;
				GCC_C_LANGUAGE_STANDARD = gnu11;
				GCC_NO_COMMON_BLOCKS = YES;
				GCC_WARN_64_TO_32_BIT_CONVERSION = YES;
				GCC_WARN_ABOUT_RETURN_TYPE = YES_ERROR;
				GCC_WARN_UNDECLARED_SELECTOR = YES;
				GCC_WARN_UNINITIALIZED_AUTOS = YES_AGGRESSIVE;
				GCC_WARN_UNUSED_FUNCTION = YES;
				GCC_WARN_UNUSED_VARIABLE = YES;
				IPHONEOS_DEPLOYMENT_TARGET = 11.2;
				MTL_ENABLE_DEBUG_INFO = NO;
				SDKROOT = iphoneos;
				SWIFT_OPTIMIZATION_LEVEL = "-Owholemodule";
				VALIDATE_PRODUCT = YES;
				VERSIONING_SYSTEM = "apple-generic";
				VERSION_INFO_PREFIX = "";
			};
			name = Release;
		};
		6DF0F1031FFBAAE1008CB537 /* Debug */ = {
			isa = XCBuildConfiguration;
			buildSettings = {
				CLANG_ENABLE_MODULES = YES;
				CODE_SIGN_IDENTITY = "";
				CODE_SIGN_STYLE = Automatic;
				DEFINES_MODULE = YES;
				DEVELOPMENT_TEAM = 658Z86GMMJ;
				DYLIB_COMPATIBILITY_VERSION = 1;
				DYLIB_CURRENT_VERSION = 1;
				DYLIB_INSTALL_NAME_BASE = "@rpath";
				FRAMEWORK_SEARCH_PATHS = (
					"$(inherited)",
					"$(PROJECT_DIR)/Rinety/frameworks",
					"$(PROJECT_DIR)/Carthage/Build/iOS",
				);
				INFOPLIST_FILE = Rinety/Info.plist;
				INSTALL_PATH = "$(LOCAL_LIBRARY_DIR)/Frameworks";
				IPHONEOS_DEPLOYMENT_TARGET = 10.0;
				LD_RUNPATH_SEARCH_PATHS = "$(inherited) @executable_path/Frameworks @loader_path/Frameworks";
				PRODUCT_BUNDLE_IDENTIFIER = com.splitpix.ios.libraries.Rinety;
				PRODUCT_NAME = "$(TARGET_NAME:c99extidentifier)";
				SKIP_INSTALL = YES;
				SWIFT_OPTIMIZATION_LEVEL = "-Onone";
				SWIFT_VERSION = 4.0;
				TARGETED_DEVICE_FAMILY = "1,2";
			};
			name = Debug;
		};
		6DF0F1041FFBAAE1008CB537 /* Release */ = {
			isa = XCBuildConfiguration;
			buildSettings = {
				CLANG_ENABLE_MODULES = YES;
				CODE_SIGN_IDENTITY = "";
				CODE_SIGN_STYLE = Automatic;
				DEFINES_MODULE = YES;
				DEVELOPMENT_TEAM = 658Z86GMMJ;
				DYLIB_COMPATIBILITY_VERSION = 1;
				DYLIB_CURRENT_VERSION = 1;
				DYLIB_INSTALL_NAME_BASE = "@rpath";
				FRAMEWORK_SEARCH_PATHS = (
					"$(inherited)",
					"$(PROJECT_DIR)/Rinety/frameworks",
					"$(PROJECT_DIR)/Carthage/Build/iOS",
				);
				INFOPLIST_FILE = Rinety/Info.plist;
				INSTALL_PATH = "$(LOCAL_LIBRARY_DIR)/Frameworks";
				IPHONEOS_DEPLOYMENT_TARGET = 10.0;
				LD_RUNPATH_SEARCH_PATHS = "$(inherited) @executable_path/Frameworks @loader_path/Frameworks";
				PRODUCT_BUNDLE_IDENTIFIER = com.splitpix.ios.libraries.Rinety;
				PRODUCT_NAME = "$(TARGET_NAME:c99extidentifier)";
				SKIP_INSTALL = YES;
				SWIFT_VERSION = 4.0;
				TARGETED_DEVICE_FAMILY = "1,2";
			};
			name = Release;
		};
		6DF0F1061FFBAAE1008CB537 /* Debug */ = {
			isa = XCBuildConfiguration;
			buildSettings = {
				ALWAYS_EMBED_SWIFT_STANDARD_LIBRARIES = YES;
				CODE_SIGN_STYLE = Automatic;
				DEVELOPMENT_TEAM = 658Z86GMMJ;
				INFOPLIST_FILE = RinetyTests/Info.plist;
				LD_RUNPATH_SEARCH_PATHS = "$(inherited) @executable_path/Frameworks @loader_path/Frameworks";
				PRODUCT_BUNDLE_IDENTIFIER = com.splitpix.ios.libraries.RinetyTests;
				PRODUCT_NAME = "$(TARGET_NAME)";
				SWIFT_VERSION = 4.0;
				TARGETED_DEVICE_FAMILY = "1,2";
			};
			name = Debug;
		};
		6DF0F1071FFBAAE1008CB537 /* Release */ = {
			isa = XCBuildConfiguration;
			buildSettings = {
				ALWAYS_EMBED_SWIFT_STANDARD_LIBRARIES = YES;
				CODE_SIGN_STYLE = Automatic;
				DEVELOPMENT_TEAM = 658Z86GMMJ;
				INFOPLIST_FILE = RinetyTests/Info.plist;
				LD_RUNPATH_SEARCH_PATHS = "$(inherited) @executable_path/Frameworks @loader_path/Frameworks";
				PRODUCT_BUNDLE_IDENTIFIER = com.splitpix.ios.libraries.RinetyTests;
				PRODUCT_NAME = "$(TARGET_NAME)";
				SWIFT_VERSION = 4.0;
				TARGETED_DEVICE_FAMILY = "1,2";
			};
			name = Release;
		};
		6DF0F10A1FFBAB95008CB537 /* Debug */ = {
			isa = XCBuildConfiguration;
			buildSettings = {
				CODE_SIGN_STYLE = Automatic;
				DEVELOPMENT_TEAM = 658Z86GMMJ;
				PRODUCT_NAME = "$(TARGET_NAME)";
			};
			name = Debug;
		};
		6DF0F10B1FFBAB95008CB537 /* Release */ = {
			isa = XCBuildConfiguration;
			buildSettings = {
				CODE_SIGN_STYLE = Automatic;
				DEVELOPMENT_TEAM = 658Z86GMMJ;
				PRODUCT_NAME = "$(TARGET_NAME)";
			};
			name = Release;
		};
/* End XCBuildConfiguration section */

/* Begin XCConfigurationList section */
		6DF0F0E81FFBAAE0008CB537 /* Build configuration list for PBXProject "Rinety" */ = {
			isa = XCConfigurationList;
			buildConfigurations = (
				6DF0F1001FFBAAE1008CB537 /* Debug */,
				6DF0F1011FFBAAE1008CB537 /* Release */,
			);
			defaultConfigurationIsVisible = 0;
			defaultConfigurationName = Release;
		};
		6DF0F1021FFBAAE1008CB537 /* Build configuration list for PBXNativeTarget "Rinety" */ = {
			isa = XCConfigurationList;
			buildConfigurations = (
				6DF0F1031FFBAAE1008CB537 /* Debug */,
				6DF0F1041FFBAAE1008CB537 /* Release */,
			);
			defaultConfigurationIsVisible = 0;
			defaultConfigurationName = Release;
		};
		6DF0F1051FFBAAE1008CB537 /* Build configuration list for PBXNativeTarget "RinetyTests" */ = {
			isa = XCConfigurationList;
			buildConfigurations = (
				6DF0F1061FFBAAE1008CB537 /* Debug */,
				6DF0F1071FFBAAE1008CB537 /* Release */,
			);
			defaultConfigurationIsVisible = 0;
			defaultConfigurationName = Release;
		};
		6DF0F1091FFBAB95008CB537 /* Build configuration list for PBXAggregateTarget "UniversalRinety" */ = {
			isa = XCConfigurationList;
			buildConfigurations = (
				6DF0F10A1FFBAB95008CB537 /* Debug */,
				6DF0F10B1FFBAB95008CB537 /* Release */,
			);
			defaultConfigurationIsVisible = 0;
			defaultConfigurationName = Release;
		};
/* End XCConfigurationList section */
	};
	rootObject = 6DF0F0E51FFBAAE0008CB537 /* Project object */;
}
